
Microsoft Visual Studio Solution File, Format Version 12.00
# Visual Studio Version 16
VisualStudioVersion = 16.0.810.25
MinimumVisualStudioVersion = 10.0.40219.1
Project("{FAE04EC0-301F-11D3-BF4B-00C04F79EFBC}") = "SamuraiApp.Domain", "SamuraiApp.Domain\SamuraiApp.Domain.csproj", "{5FF4716D-2919-43C2-AD4B-8F011D441E5A}"
EndProject
Project("{FAE04EC0-301F-11D3-BF4B-00C04F79EFBC}") = "SamuraiApp.Data", "SamuraiApp.Data\SamuraiApp.Data.csproj", "{7B4E18BE-523E-4ABA-A9EB-B62AFD6007F6}"
EndProject
Project("{FAE04EC0-301F-11D3-BF4B-00C04F79EFBC}") = "SamuraiApp.UI", "SamuraiApp.UI\SamuraiApp.UI.csproj", "{C93D8C9C-433D-40BC-B199-2F2FFCFDA5D6}"
EndProject
Global
	GlobalSection(SolutionConfigurationPlatforms) = preSolution
		Debug|Any CPU = Debug|Any CPU
		Release|Any CPU = Release|Any CPU
	EndGlobalSection
	GlobalSection(ProjectConfigurationPlatforms) = postSolution
		{5FF4716D-2919-43C2-AD4B-8F011D441E5A}.Debug|Any CPU.ActiveCfg = Debug|Any CPU
		{5FF4716D-2919-43C2-AD4B-8F011D441E5A}.Debug|Any CPU.Build.0 = Debug|Any CPU
		{5FF4716D-2919-43C2-AD4B-8F011D441E5A}.Release|Any CPU.ActiveCfg = Release|Any CPU
		{5FF4716D-2919-43C2-AD4B-8F011D441E5A}.Release|Any CPU.Build.0 = Release|Any CPU
		{7B4E18BE-523E-4ABA-A9EB-B62AFD6007F6}.Debug|Any CPU.ActiveCfg = Debug|Any CPU
		{7B4E18BE-523E-4ABA-A9EB-B62AFD6007F6}.Debug|Any CPU.Build.0 = Debug|Any CPU
		{7B4E18BE-523E-4ABA-A9EB-B62AFD6007F6}.Release|Any CPU.ActiveCfg = Release|Any CPU
		{7B4E18BE-523E-4ABA-A9EB-B62AFD6007F6}.Release|Any CPU.Build.0 = Release|Any CPU
		{C93D8C9C-433D-40BC-B199-2F2FFCFDA5D6}.Debug|Any CPU.ActiveCfg = Debug|Any CPU
		{C93D8C9C-433D-40BC-B199-2F2FFCFDA5D6}.Debug|Any CPU.Build.0 = Debug|Any CPU
		{C93D8C9C-433D-40BC-B199-2F2FFCFDA5D6}.Release|Any CPU.ActiveCfg = Release|Any CPU
		{C93D8C9C-433D-40BC-B199-2F2FFCFDA5D6}.Release|Any CPU.Build.0 = Release|Any CPU
	EndGlobalSection
	GlobalSection(SolutionProperties) = preSolution
		HideSolutionNode = FALSE
	EndGlobalSection
	GlobalSection(ExtensibilityGlobals) = postSolution
		SolutionGuid = {7AC92C76-3A32-4804-9A39-654D2DE31353}
	EndGlobalSection
EndGlobal
